
Microsoft Visual Studio Solution File, Format Version 12.00
# Visual Studio Version 17
VisualStudioVersion = 17.4.33110.190
MinimumVisualStudioVersion = 10.0.40219.1
Project("{FAE04EC0-301F-11D3-BF4B-00C04F79EFBC}") = "Project4_GR3", "Project4_GR3\Project4_GR3.csproj", "{43087B46-D764-4279-BD08-0B98CC8821C9}"
EndProject
Project("{FAE04EC0-301F-11D3-BF4B-00C04F79EFBC}") = "BUS", "BUS\BUS.csproj", "{CDA9D531-B42B-4ADF-83EB-15F298485913}"
EndProject
Project("{FAE04EC0-301F-11D3-BF4B-00C04F79EFBC}") = "DTO", "DTO\DTO.csproj", "{E2BB183C-0DA6-47B5-9256-CFE53823B173}"
EndProject
Project("{FAE04EC0-301F-11D3-BF4B-00C04F79EFBC}") = "DAL", "DAL\DAL.csproj", "{AAFD7888-F7AC-403C-B2D8-FA0B57B3BB5E}"
EndProject
Global
	GlobalSection(SolutionConfigurationPlatforms) = preSolution
		Debug|Any CPU = Debug|Any CPU
		Release|Any CPU = Release|Any CPU
	EndGlobalSection
	GlobalSection(ProjectConfigurationPlatforms) = postSolution
		{43087B46-D764-4279-BD08-0B98CC8821C9}.Debug|Any CPU.ActiveCfg = Debug|Any CPU
		{43087B46-D764-4279-BD08-0B98CC8821C9}.Debug|Any CPU.Build.0 = Debug|Any CPU
		{43087B46-D764-4279-BD08-0B98CC8821C9}.Release|Any CPU.ActiveCfg = Release|Any CPU
		{43087B46-D764-4279-BD08-0B98CC8821C9}.Release|Any CPU.Build.0 = Release|Any CPU
		{CDA9D531-B42B-4ADF-83EB-15F298485913}.Debug|Any CPU.ActiveCfg = Debug|Any CPU
		{CDA9D531-B42B-4ADF-83EB-15F298485913}.Debug|Any CPU.Build.0 = Debug|Any CPU
		{CDA9D531-B42B-4ADF-83EB-15F298485913}.Release|Any CPU.ActiveCfg = Release|Any CPU
		{CDA9D531-B42B-4ADF-83EB-15F298485913}.Release|Any CPU.Build.0 = Release|Any CPU
		{E2BB183C-0DA6-47B5-9256-CFE53823B173}.Debug|Any CPU.ActiveCfg = Debug|Any CPU
		{E2BB183C-0DA6-47B5-9256-CFE53823B173}.Debug|Any CPU.Build.0 = Debug|Any CPU
		{E2BB183C-0DA6-47B5-9256-CFE53823B173}.Release|Any CPU.ActiveCfg = Release|Any CPU
		{E2BB183C-0DA6-47B5-9256-CFE53823B173}.Release|Any CPU.Build.0 = Release|Any CPU
		{AAFD7888-F7AC-403C-B2D8-FA0B57B3BB5E}.Debug|Any CPU.ActiveCfg = Debug|Any CPU
		{AAFD7888-F7AC-403C-B2D8-FA0B57B3BB5E}.Debug|Any CPU.Build.0 = Debug|Any CPU
		{AAFD7888-F7AC-403C-B2D8-FA0B57B3BB5E}.Release|Any CPU.ActiveCfg = Release|Any CPU
		{AAFD7888-F7AC-403C-B2D8-FA0B57B3BB5E}.Release|Any CPU.Build.0 = Release|Any CPU
	EndGlobalSection
	GlobalSection(SolutionProperties) = preSolution
		HideSolutionNode = FALSE
	EndGlobalSection
	GlobalSection(ExtensibilityGlobals) = postSolution
		SolutionGuid = {51DC4C8E-1E7C-4084-81FC-668BCD41C687}
	EndGlobalSection
EndGlobal
